{
  "name": "setup-maven",
  "version": "1.0.0",
  "lockfileVersion": 2,
  "requires": true,
  "packages": {
    "": {
      "version": "1.0.0",
      "license": "MIT",
      "dependencies": {
        "@actions/core": "^1.2.6",
        "@actions/github": "^5.0.0",
        "@actions/http-client": "1.0.11",
        "@actions/io": "^1.0.0",
        "@actions/tool-cache": "^1.0.0",
        "semver": "^6.1.1",
        "typed-rest-client": "^1.5.0",
        "uglify-js": ">=2.6.0"
      },
      "devDependencies": {
        "@types/node": "^12.0.4",
        "@types/semver": "^7.3.6",
        "husky": "6.0.0",
        "prettier": "^2.3.1",
        "typescript": "4.3.2"
      }
    },
    "node_modules/@actions/core": {
      "version": "1.4.0",
      "resolved": "https://registry.npmjs.org/@actions/core/-/core-1.4.0.tgz",
      "integrity": "sha512-CGx2ilGq5i7zSLgiiGUtBCxhRRxibJYU6Fim0Q1Wg2aQL2LTnF27zbqZOrxfvFQ55eSBW0L8uVStgtKMpa0Qlg=="
    },
    "node_modules/@actions/exec": {
      "version": "1.1.0",
      "resolved": "https://registry.npmjs.org/@actions/exec/-/exec-1.1.0.tgz",
      "integrity": "sha512-LImpN9AY0J1R1mEYJjVJfSZWU4zYOlEcwSTgPve1rFQqK5AwrEs6uWW5Rv70gbDIQIAUwI86z6B+9mPK4w9Sbg==",
      "dependencies": {
        "@actions/io": "^1.0.1"
      }
    },
    "node_modules/@actions/github": {
      "version": "5.0.0",
      "resolved": "https://registry.npmjs.org/@actions/github/-/github-5.0.0.tgz",
      "integrity": "sha512-QvE9eAAfEsS+yOOk0cylLBIO/d6WyWIOvsxxzdrPFaud39G6BOkUwScXZn1iBzQzHyu9SBkkLSWlohDWdsasAQ==",
      "dependencies": {
        "@actions/http-client": "^1.0.11",
        "@octokit/core": "^3.4.0",
        "@octokit/plugin-paginate-rest": "^2.13.3",
        "@octokit/plugin-rest-endpoint-methods": "^5.1.1"
      }
    },
    "node_modules/@actions/http-client": {
      "version": "1.0.11",
      "resolved": "https://registry.npmjs.org/@actions/http-client/-/http-client-1.0.11.tgz",
      "integrity": "sha512-VRYHGQV1rqnROJqdMvGUbY/Kn8vriQe/F9HR2AlYHzmKuM/p3kjNuXhmdBfcVgsvRWTz5C5XW5xvndZrVBuAYg==",
      "dependencies": {
        "tunnel": "0.0.6"
      }
    },
    "node_modules/@actions/io": {
      "version": "1.1.1",
      "resolved": "https://registry.npmjs.org/@actions/io/-/io-1.1.1.tgz",
      "integrity": "sha512-Qi4JoKXjmE0O67wAOH6y0n26QXhMKMFo7GD/4IXNVcrtLjUlGjGuVys6pQgwF3ArfGTQu0XpqaNr0YhED2RaRA=="
    },
    "node_modules/@actions/tool-cache": {
      "version": "1.7.1",
      "resolved": "https://registry.npmjs.org/@actions/tool-cache/-/tool-cache-1.7.1.tgz",
      "integrity": "sha512-y1xxxOhXaBUIUit3lhepmu/0xdgiTMpnZRLmVdtF0hTm521doi+MdRRRP62czHvM7wxH6epj4JPNJQ3iJpOrkQ==",
      "dependencies": {
        "@actions/core": "^1.2.6",
        "@actions/exec": "^1.0.0",
        "@actions/http-client": "^1.0.8",
        "@actions/io": "^1.1.1",
        "semver": "^6.1.0",
        "uuid": "^3.3.2"
      }
    },
    "node_modules/@octokit/auth-token": {
      "version": "2.4.5",
      "resolved": "https://registry.npmjs.org/@octokit/auth-token/-/auth-token-2.4.5.tgz",
      "integrity": "sha512-BpGYsPgJt05M7/L/5FoE1PiAbdxXFZkX/3kDYcsvd1v6UhlnE5e96dTDr0ezX/EFwciQxf3cNV0loipsURU+WA==",
      "dependencies": {
        "@octokit/types": "^6.0.3"
      }
    },
    "node_modules/@octokit/core": {
      "version": "3.4.0",
      "resolved": "https://registry.npmjs.org/@octokit/core/-/core-3.4.0.tgz",
      "integrity": "sha512-6/vlKPP8NF17cgYXqucdshWqmMZGXkuvtcrWCgU5NOI0Pl2GjlmZyWgBMrU8zJ3v2MJlM6++CiB45VKYmhiWWg==",
      "dependencies": {
        "@octokit/auth-token": "^2.4.4",
        "@octokit/graphql": "^4.5.8",
        "@octokit/request": "^5.4.12",
        "@octokit/request-error": "^2.0.5",
        "@octokit/types": "^6.0.3",
        "before-after-hook": "^2.2.0",
        "universal-user-agent": "^6.0.0"
      }
    },
    "node_modules/@octokit/endpoint": {
      "version": "6.0.11",
      "resolved": "https://registry.npmjs.org/@octokit/endpoint/-/endpoint-6.0.11.tgz",
      "integrity": "sha512-fUIPpx+pZyoLW4GCs3yMnlj2LfoXTWDUVPTC4V3MUEKZm48W+XYpeWSZCv+vYF1ZABUm2CqnDVf1sFtIYrj7KQ==",
      "dependencies": {
        "@octokit/types": "^6.0.3",
        "is-plain-object": "^5.0.0",
        "universal-user-agent": "^6.0.0"
      }
    },
    "node_modules/@octokit/graphql": {
      "version": "4.6.2",
      "resolved": "https://registry.npmjs.org/@octokit/graphql/-/graphql-4.6.2.tgz",
      "integrity": "sha512-WmsIR1OzOr/3IqfG9JIczI8gMJUMzzyx5j0XXQ4YihHtKlQc+u35VpVoOXhlKAlaBntvry1WpAzPl/a+s3n89Q==",
      "dependencies": {
        "@octokit/request": "^5.3.0",
        "@octokit/types": "^6.0.3",
        "universal-user-agent": "^6.0.0"
      }
    },
    "node_modules/@octokit/openapi-types": {
      "version": "7.3.0",
      "resolved": "https://registry.npmjs.org/@octokit/openapi-types/-/openapi-types-7.3.0.tgz",
      "integrity": "sha512-o00X2FCLiEeXZkm1Ab5nvPUdVOlrpediwWZkpizUJ/xtZQsJ4FiQ2RB/dJEmb0Nk+NIz7zyDePcSCu/Y/0M3Ew=="
    },
    "node_modules/@octokit/plugin-paginate-rest": {
      "version": "2.13.3",
      "resolved": "https://registry.npmjs.org/@octokit/plugin-paginate-rest/-/plugin-paginate-rest-2.13.3.tgz",
      "integrity": "sha512-46lptzM9lTeSmIBt/sVP/FLSTPGx6DCzAdSX3PfeJ3mTf4h9sGC26WpaQzMEq/Z44cOcmx8VsOhO+uEgE3cjYg==",
      "dependencies": {
        "@octokit/types": "^6.11.0"
      },
      "peerDependencies": {
        "@octokit/core": ">=2"
      }
    },
    "node_modules/@octokit/plugin-rest-endpoint-methods": {
      "version": "5.3.1",
      "resolved": "https://registry.npmjs.org/@octokit/plugin-rest-endpoint-methods/-/plugin-rest-endpoint-methods-5.3.1.tgz",
      "integrity": "sha512-3B2iguGmkh6bQQaVOtCsS0gixrz8Lg0v4JuXPqBcFqLKuJtxAUf3K88RxMEf/naDOI73spD+goJ/o7Ie7Cvdjg==",
      "dependencies": {
        "@octokit/types": "^6.16.2",
        "deprecation": "^2.3.1"
      },
      "peerDependencies": {
        "@octokit/core": ">=3"
      }
    },
    "node_modules/@octokit/request": {
      "version": "5.5.0",
      "resolved": "https://registry.npmjs.org/@octokit/request/-/request-5.5.0.tgz",
      "integrity": "sha512-jxbMLQdQ3heFMZUaTLSCqcKs2oAHEYh7SnLLXyxbZmlULExZ/RXai7QUWWFKowcGGPlCZuKTZg0gSKHWrfYEoQ==",
      "dependencies": {
        "@octokit/endpoint": "^6.0.1",
        "@octokit/request-error": "^2.0.0",
        "@octokit/types": "^6.16.1",
        "is-plain-object": "^5.0.0",
        "node-fetch": "^2.6.1",
        "universal-user-agent": "^6.0.0"
      }
    },
    "node_modules/@octokit/request-error": {
      "version": "2.0.5",
      "resolved": "https://registry.npmjs.org/@octokit/request-error/-/request-error-2.0.5.tgz",
      "integrity": "sha512-T/2wcCFyM7SkXzNoyVNWjyVlUwBvW3igM3Btr/eKYiPmucXTtkxt2RBsf6gn3LTzaLSLTQtNmvg+dGsOxQrjZg==",
      "dependencies": {
        "@octokit/types": "^6.0.3",
        "deprecation": "^2.0.0",
        "once": "^1.4.0"
      }
    },
    "node_modules/@octokit/types": {
      "version": "6.16.2",
      "resolved": "https://registry.npmjs.org/@octokit/types/-/types-6.16.2.tgz",
      "integrity": "sha512-wWPSynU4oLy3i4KGyk+J1BLwRKyoeW2TwRHgwbDz17WtVFzSK2GOErGliruIx8c+MaYtHSYTx36DSmLNoNbtgA==",
      "dependencies": {
        "@octokit/openapi-types": "^7.2.3"
      }
    },
    "node_modules/@types/node": {
      "version": "12.20.15",
      "resolved": "https://registry.npmjs.org/@types/node/-/node-12.20.15.tgz",
      "integrity": "sha512-F6S4Chv4JicJmyrwlDkxUdGNSplsQdGwp1A0AJloEVDirWdZOAiRHhovDlsFkKUrquUXhz1imJhXHsf59auyAg==",
      "dev": true
    },
    "node_modules/@types/semver": {
      "version": "7.3.6",
      "resolved": "https://registry.npmjs.org/@types/semver/-/semver-7.3.6.tgz",
      "integrity": "sha512-0caWDWmpCp0uifxFh+FaqK3CuZ2SkRR/ZRxAV5+zNdC3QVUi6wyOJnefhPvtNt8NQWXB5OA93BUvZsXpWat2Xw==",
      "dev": true
    },
    "node_modules/before-after-hook": {
      "version": "2.2.2",
      "resolved": "https://registry.npmjs.org/before-after-hook/-/before-after-hook-2.2.2.tgz",
      "integrity": "sha512-3pZEU3NT5BFUo/AD5ERPWOgQOCZITni6iavr5AUw5AUwQjMlI0kzu5btnyD39AF0gUEsDPwJT+oY1ORBJijPjQ=="
    },
    "node_modules/call-bind": {
      "version": "1.0.2",
      "resolved": "https://registry.npmjs.org/call-bind/-/call-bind-1.0.2.tgz",
      "integrity": "sha512-7O+FbCihrB5WGbFYesctwmTKae6rOiIzmz1icreWJ+0aA7LJfuqhEso2T9ncpcFtzMQtzXf2QGGueWJGTYsqrA==",
      "dependencies": {
        "function-bind": "^1.1.1",
        "get-intrinsic": "^1.0.2"
      },
      "funding": {
        "url": "https://github.com/sponsors/ljharb"
      }
    },
    "node_modules/deprecation": {
      "version": "2.3.1",
      "resolved": "https://registry.npmjs.org/deprecation/-/deprecation-2.3.1.tgz",
      "integrity": "sha512-xmHIy4F3scKVwMsQ4WnVaS8bHOx0DmVwRywosKhaILI0ywMDWPtBSku2HNxRvF7jtwDRsoEwYQSfbxj8b7RlJQ=="
    },
    "node_modules/function-bind": {
      "version": "1.1.1",
      "resolved": "https://registry.npmjs.org/function-bind/-/function-bind-1.1.1.tgz",
      "integrity": "sha512-yIovAzMX49sF8Yl58fSCWJ5svSLuaibPxXQJFLmBObTuCr0Mf1KiPopGM9NiFjiYBCbfaa2Fh6breQ6ANVTI0A=="
    },
    "node_modules/get-intrinsic": {
      "version": "1.1.1",
      "resolved": "https://registry.npmjs.org/get-intrinsic/-/get-intrinsic-1.1.1.tgz",
      "integrity": "sha512-kWZrnVM42QCiEA2Ig1bG8zjoIMOgxWwYCEeNdwY6Tv/cOSeGpcoX4pXHfKUxNKVoArnrEr2e9srnAxxGIraS9Q==",
      "dependencies": {
        "function-bind": "^1.1.1",
        "has": "^1.0.3",
        "has-symbols": "^1.0.1"
      },
      "funding": {
        "url": "https://github.com/sponsors/ljharb"
      }
    },
    "node_modules/has": {
      "version": "1.0.3",
      "resolved": "https://registry.npmjs.org/has/-/has-1.0.3.tgz",
      "integrity": "sha512-f2dvO0VU6Oej7RkWJGrehjbzMAjFp5/VKPp5tTpWIV4JHHZK1/BxbFRtf/siA2SWTe09caDmVtYYzWEIbBS4zw==",
      "dependencies": {
        "function-bind": "^1.1.1"
      },
      "engines": {
        "node": ">= 0.4.0"
      }
    },
    "node_modules/has-symbols": {
      "version": "1.0.2",
      "resolved": "https://registry.npmjs.org/has-symbols/-/has-symbols-1.0.2.tgz",
      "integrity": "sha512-chXa79rL/UC2KlX17jo3vRGz0azaWEx5tGqZg5pO3NUyEJVB17dMruQlzCCOfUvElghKcm5194+BCRvi2Rv/Gw==",
      "engines": {
        "node": ">= 0.4"
      },
      "funding": {
        "url": "https://github.com/sponsors/ljharb"
      }
    },
    "node_modules/husky": {
      "version": "6.0.0",
      "resolved": "https://registry.npmjs.org/husky/-/husky-6.0.0.tgz",
      "integrity": "sha512-SQS2gDTB7tBN486QSoKPKQItZw97BMOd+Kdb6ghfpBc0yXyzrddI0oDV5MkDAbuB4X2mO3/nj60TRMcYxwzZeQ==",
      "dev": true,
      "bin": {
        "husky": "lib/bin.js"
      },
      "funding": {
        "url": "https://github.com/sponsors/typicode"
      }
    },
    "node_modules/is-plain-object": {
      "version": "5.0.0",
      "resolved": "https://registry.npmjs.org/is-plain-object/-/is-plain-object-5.0.0.tgz",
      "integrity": "sha512-VRSzKkbMm5jMDoKLbltAkFQ5Qr7VDiTFGXxYFXXowVj387GeGNOCsOH6Msy00SGZ3Fp84b1Naa1psqgcCIEP5Q==",
      "engines": {
        "node": ">=0.10.0"
      }
    },
    "node_modules/node-fetch": {
      "version": "2.6.1",
      "resolved": "https://registry.npmjs.org/node-fetch/-/node-fetch-2.6.1.tgz",
      "integrity": "sha512-V4aYg89jEoVRxRb2fJdAg8FHvI7cEyYdVAh94HH0UIK8oJxUfkjlDQN9RbMx+bEjP7+ggMiFRprSti032Oipxw==",
      "engines": {
        "node": "4.x || >=6.0.0"
      }
    },
    "node_modules/object-inspect": {
      "version": "1.10.3",
      "resolved": "https://registry.npmjs.org/object-inspect/-/object-inspect-1.10.3.tgz",
      "integrity": "sha512-e5mCJlSH7poANfC8z8S9s9S2IN5/4Zb3aZ33f5s8YqoazCFzNLloLU8r5VCG+G7WoqLvAAZoVMcy3tp/3X0Plw==",
      "funding": {
        "url": "https://github.com/sponsors/ljharb"
      }
    },
    "node_modules/once": {
      "version": "1.4.0",
      "resolved": "https://registry.npmjs.org/once/-/once-1.4.0.tgz",
      "integrity": "sha1-WDsap3WWHUsROsF9nFC6753Xa9E=",
      "dependencies": {
        "wrappy": "1"
      }
    },
    "node_modules/prettier": {
      "version": "2.3.1",
      "resolved": "https://registry.npmjs.org/prettier/-/prettier-2.3.1.tgz",
      "integrity": "sha512-p+vNbgpLjif/+D+DwAZAbndtRrR0md0MwfmOVN9N+2RgyACMT+7tfaRnT+WDPkqnuVwleyuBIG2XBxKDme3hPA==",
      "dev": true,
      "bin": {
        "prettier": "bin-prettier.js"
      },
      "engines": {
        "node": ">=10.13.0"
      }
    },
    "node_modules/qs": {
      "version": "6.10.1",
      "resolved": "https://registry.npmjs.org/qs/-/qs-6.10.1.tgz",
      "integrity": "sha512-M528Hph6wsSVOBiYUnGf+K/7w0hNshs/duGsNXPUCLH5XAqjEtiPGwNONLV0tBH8NoGb0mvD5JubnUTrujKDTg==",
      "dependencies": {
        "side-channel": "^1.0.4"
      },
      "engines": {
        "node": ">=0.6"
      },
      "funding": {
        "url": "https://github.com/sponsors/ljharb"
      }
    },
    "node_modules/semver": {
      "version": "6.3.0",
      "resolved": "https://registry.npmjs.org/semver/-/semver-6.3.0.tgz",
      "integrity": "sha512-b39TBaTSfV6yBrapU89p5fKekE2m/NwnDocOVruQFS1/veMgdzuPcnOM34M6CwxW8jH/lxEa5rBoDeUwu5HHTw==",
      "bin": {
        "semver": "bin/semver.js"
      }
    },
    "node_modules/side-channel": {
      "version": "1.0.4",
      "resolved": "https://registry.npmjs.org/side-channel/-/side-channel-1.0.4.tgz",
      "integrity": "sha512-q5XPytqFEIKHkGdiMIrY10mvLRvnQh42/+GoBlFW3b2LXLE2xxJpZFdm94we0BaoV3RwJyGqg5wS7epxTv0Zvw==",
      "dependencies": {
        "call-bind": "^1.0.0",
        "get-intrinsic": "^1.0.2",
        "object-inspect": "^1.9.0"
      },
      "funding": {
        "url": "https://github.com/sponsors/ljharb"
      }
    },
    "node_modules/tunnel": {
      "version": "0.0.6",
      "resolved": "https://registry.npmjs.org/tunnel/-/tunnel-0.0.6.tgz",
      "integrity": "sha512-1h/Lnq9yajKY2PEbBadPXj3VxsDDu844OnaAo52UVmIzIvwwtBPIuNvkjuzBlTWpfJyUbG3ez0KSBibQkj4ojg==",
      "engines": {
        "node": ">=0.6.11 <=0.7.0 || >=0.7.3"
      }
    },
    "node_modules/typed-rest-client": {
      "version": "1.8.4",
      "resolved": "https://registry.npmjs.org/typed-rest-client/-/typed-rest-client-1.8.4.tgz",
      "integrity": "sha512-MyfKKYzk3I6/QQp6e1T50py4qg+c+9BzOEl2rBmQIpStwNUoqQ73An+Tkfy9YuV7O+o2mpVVJpe+fH//POZkbg==",
      "dependencies": {
        "qs": "^6.9.1",
        "tunnel": "0.0.6",
        "underscore": "^1.12.1"
      }
    },
    "node_modules/typescript": {
      "version": "4.3.2",
      "resolved": "https://registry.npmjs.org/typescript/-/typescript-4.3.2.tgz",
      "integrity": "sha512-zZ4hShnmnoVnAHpVHWpTcxdv7dWP60S2FsydQLV8V5PbS3FifjWFFRiHSWpDJahly88PRyV5teTSLoq4eG7mKw==",
      "dev": true,
      "bin": {
        "tsc": "bin/tsc",
        "tsserver": "bin/tsserver"
      },
      "engines": {
        "node": ">=4.2.0"
      }
    },
    "node_modules/uglify-js": {
      "version": "3.13.9",
      "resolved": "https://registry.npmjs.org/uglify-js/-/uglify-js-3.13.9.tgz",
      "integrity": "sha512-wZbyTQ1w6Y7fHdt8sJnHfSIuWeDgk6B5rCb4E/AM6QNNPbOMIZph21PW5dRB3h7Df0GszN+t7RuUH6sWK5bF0g==",
      "bin": {
        "uglifyjs": "bin/uglifyjs"
      },
      "engines": {
        "node": ">=0.8.0"
      }
    },
    "node_modules/underscore": {
      "version": "1.13.1",
      "resolved": "https://registry.npmjs.org/underscore/-/underscore-1.13.1.tgz",
      "integrity": "sha512-hzSoAVtJF+3ZtiFX0VgfFPHEDRm7Y/QPjGyNo4TVdnDTdft3tr8hEkD25a1jC+TjTuE7tkHGKkhwCgs9dgBB2g=="
    },
    "node_modules/universal-user-agent": {
      "version": "6.0.0",
      "resolved": "https://registry.npmjs.org/universal-user-agent/-/universal-user-agent-6.0.0.tgz",
      "integrity": "sha512-isyNax3wXoKaulPDZWHQqbmIx1k2tb9fb3GGDBRxCscfYV2Ch7WxPArBsFEG8s/safwXTT7H4QGhaIkTp9447w=="
    },
    "node_modules/uuid": {
      "version": "3.4.0",
      "resolved": "https://registry.npmjs.org/uuid/-/uuid-3.4.0.tgz",
      "integrity": "sha512-HjSDRw6gZE5JMggctHBcjVak08+KEVhSIiDzFnT9S9aegmp85S/bReBVTb4QTFaRNptJ9kuYaNhnbNEOkbKb/A==",
      "deprecated": "Please upgrade  to version 7 or higher.  Older versions may use Math.random() in certain circumstances, which is known to be problematic.  See https://v8.dev/blog/math-random for details.",
      "bin": {
        "uuid": "bin/uuid"
      }
    },
    "node_modules/wrappy": {
      "version": "1.0.2",
      "resolved": "https://registry.npmjs.org/wrappy/-/wrappy-1.0.2.tgz",
      "integrity": "sha1-tSQ9jz7BqjXxNkYFvA0QNuMKtp8="
    }
  },
  "dependencies": {
    "@actions/core": {
      "version": "1.4.0",
      "resolved": "https://registry.npmjs.org/@actions/core/-/core-1.4.0.tgz",
      "integrity": "sha512-CGx2ilGq5i7zSLgiiGUtBCxhRRxibJYU6Fim0Q1Wg2aQL2LTnF27zbqZOrxfvFQ55eSBW0L8uVStgtKMpa0Qlg=="
    },
    "@actions/exec": {
      "version": "1.1.0",
      "resolved": "https://registry.npmjs.org/@actions/exec/-/exec-1.1.0.tgz",
      "integrity": "sha512-LImpN9AY0J1R1mEYJjVJfSZWU4zYOlEcwSTgPve1rFQqK5AwrEs6uWW5Rv70gbDIQIAUwI86z6B+9mPK4w9Sbg==",
      "requires": {
        "@actions/io": "^1.0.1"
      }
    },
    "@actions/github": {
      "version": "5.0.0",
      "resolved": "https://registry.npmjs.org/@actions/github/-/github-5.0.0.tgz",
      "integrity": "sha512-QvE9eAAfEsS+yOOk0cylLBIO/d6WyWIOvsxxzdrPFaud39G6BOkUwScXZn1iBzQzHyu9SBkkLSWlohDWdsasAQ==",
      "requires": {
        "@actions/http-client": "^1.0.11",
        "@octokit/core": "^3.4.0",
        "@octokit/plugin-paginate-rest": "^2.13.3",
        "@octokit/plugin-rest-endpoint-methods": "^5.1.1"
      }
    },
    "@actions/http-client": {
      "version": "1.0.11",
      "resolved": "https://registry.npmjs.org/@actions/http-client/-/http-client-1.0.11.tgz",
      "integrity": "sha512-VRYHGQV1rqnROJqdMvGUbY/Kn8vriQe/F9HR2AlYHzmKuM/p3kjNuXhmdBfcVgsvRWTz5C5XW5xvndZrVBuAYg==",
      "requires": {
        "tunnel": "0.0.6"
      }
    },
    "@actions/io": {
      "version": "1.1.1",
      "resolved": "https://registry.npmjs.org/@actions/io/-/io-1.1.1.tgz",
      "integrity": "sha512-Qi4JoKXjmE0O67wAOH6y0n26QXhMKMFo7GD/4IXNVcrtLjUlGjGuVys6pQgwF3ArfGTQu0XpqaNr0YhED2RaRA=="
    },
    "@actions/tool-cache": {
      "version": "1.7.1",
      "resolved": "https://registry.npmjs.org/@actions/tool-cache/-/tool-cache-1.7.1.tgz",
      "integrity": "sha512-y1xxxOhXaBUIUit3lhepmu/0xdgiTMpnZRLmVdtF0hTm521doi+MdRRRP62czHvM7wxH6epj4JPNJQ3iJpOrkQ==",
      "requires": {
        "@actions/core": "^1.2.6",
        "@actions/exec": "^1.0.0",
        "@actions/http-client": "^1.0.8",
        "@actions/io": "^1.1.1",
        "semver": "^6.1.0",
        "uuid": "^3.3.2"
      }
    },
    "@octokit/auth-token": {
      "version": "2.4.5",
      "resolved": "https://registry.npmjs.org/@octokit/auth-token/-/auth-token-2.4.5.tgz",
      "integrity": "sha512-BpGYsPgJt05M7/L/5FoE1PiAbdxXFZkX/3kDYcsvd1v6UhlnE5e96dTDr0ezX/EFwciQxf3cNV0loipsURU+WA==",
      "requires": {
        "@octokit/types": "^6.0.3"
      }
    },
    "@octokit/core": {
      "version": "3.4.0",
      "resolved": "https://registry.npmjs.org/@octokit/core/-/core-3.4.0.tgz",
      "integrity": "sha512-6/vlKPP8NF17cgYXqucdshWqmMZGXkuvtcrWCgU5NOI0Pl2GjlmZyWgBMrU8zJ3v2MJlM6++CiB45VKYmhiWWg==",
      "requires": {
        "@octokit/auth-token": "^2.4.4",
        "@octokit/graphql": "^4.5.8",
        "@octokit/request": "^5.4.12",
        "@octokit/request-error": "^2.0.5",
        "@octokit/types": "^6.0.3",
        "before-after-hook": "^2.2.0",
        "universal-user-agent": "^6.0.0"
      }
    },
    "@octokit/endpoint": {
      "version": "6.0.11",
      "resolved": "https://registry.npmjs.org/@octokit/endpoint/-/endpoint-6.0.11.tgz",
      "integrity": "sha512-fUIPpx+pZyoLW4GCs3yMnlj2LfoXTWDUVPTC4V3MUEKZm48W+XYpeWSZCv+vYF1ZABUm2CqnDVf1sFtIYrj7KQ==",
      "requires": {
        "@octokit/types": "^6.0.3",
        "is-plain-object": "^5.0.0",
        "universal-user-agent": "^6.0.0"
      }
    },
    "@octokit/graphql": {
      "version": "4.6.2",
      "resolved": "https://registry.npmjs.org/@octokit/graphql/-/graphql-4.6.2.tgz",
      "integrity": "sha512-WmsIR1OzOr/3IqfG9JIczI8gMJUMzzyx5j0XXQ4YihHtKlQc+u35VpVoOXhlKAlaBntvry1WpAzPl/a+s3n89Q==",
      "requires": {
        "@octokit/request": "^5.3.0",
        "@octokit/types": "^6.0.3",
        "universal-user-agent": "^6.0.0"
      }
    },
    "@octokit/openapi-types": {
      "version": "7.3.0",
      "resolved": "https://registry.npmjs.org/@octokit/openapi-types/-/openapi-types-7.3.0.tgz",
      "integrity": "sha512-o00X2FCLiEeXZkm1Ab5nvPUdVOlrpediwWZkpizUJ/xtZQsJ4FiQ2RB/dJEmb0Nk+NIz7zyDePcSCu/Y/0M3Ew=="
    },
    "@octokit/plugin-paginate-rest": {
      "version": "2.13.3",
      "resolved": "https://registry.npmjs.org/@octokit/plugin-paginate-rest/-/plugin-paginate-rest-2.13.3.tgz",
      "integrity": "sha512-46lptzM9lTeSmIBt/sVP/FLSTPGx6DCzAdSX3PfeJ3mTf4h9sGC26WpaQzMEq/Z44cOcmx8VsOhO+uEgE3cjYg==",
      "requires": {
        "@octokit/types": "^6.11.0"
      }
    },
    "@octokit/plugin-rest-endpoint-methods": {
      "version": "5.3.1",
      "resolved": "https://registry.npmjs.org/@octokit/plugin-rest-endpoint-methods/-/plugin-rest-endpoint-methods-5.3.1.tgz",
      "integrity": "sha512-3B2iguGmkh6bQQaVOtCsS0gixrz8Lg0v4JuXPqBcFqLKuJtxAUf3K88RxMEf/naDOI73spD+goJ/o7Ie7Cvdjg==",
      "requires": {
        "@octokit/types": "^6.16.2",
        "deprecation": "^2.3.1"
      }
    },
    "@octokit/request": {
      "version": "5.5.0",
      "resolved": "https://registry.npmjs.org/@octokit/request/-/request-5.5.0.tgz",
      "integrity": "sha512-jxbMLQdQ3heFMZUaTLSCqcKs2oAHEYh7SnLLXyxbZmlULExZ/RXai7QUWWFKowcGGPlCZuKTZg0gSKHWrfYEoQ==",
      "requires": {
        "@octokit/endpoint": "^6.0.1",
        "@octokit/request-error": "^2.0.0",
        "@octokit/types": "^6.16.1",
        "is-plain-object": "^5.0.0",
        "node-fetch": "^2.6.1",
        "universal-user-agent": "^6.0.0"
      }
    },
    "@octokit/request-error": {
      "version": "2.0.5",
      "resolved": "https://registry.npmjs.org/@octokit/request-error/-/request-error-2.0.5.tgz",
      "integrity": "sha512-T/2wcCFyM7SkXzNoyVNWjyVlUwBvW3igM3Btr/eKYiPmucXTtkxt2RBsf6gn3LTzaLSLTQtNmvg+dGsOxQrjZg==",
      "requires": {
        "@octokit/types": "^6.0.3",
        "deprecation": "^2.0.0",
        "once": "^1.4.0"
      }
    },
    "@octokit/types": {
      "version": "6.16.2",
      "resolved": "https://registry.npmjs.org/@octokit/types/-/types-6.16.2.tgz",
      "integrity": "sha512-wWPSynU4oLy3i4KGyk+J1BLwRKyoeW2TwRHgwbDz17WtVFzSK2GOErGliruIx8c+MaYtHSYTx36DSmLNoNbtgA==",
      "requires": {
        "@octokit/openapi-types": "^7.2.3"
      }
    },
    "@types/node": {
      "version": "12.20.15",
      "resolved": "https://registry.npmjs.org/@types/node/-/node-12.20.15.tgz",
      "integrity": "sha512-F6S4Chv4JicJmyrwlDkxUdGNSplsQdGwp1A0AJloEVDirWdZOAiRHhovDlsFkKUrquUXhz1imJhXHsf59auyAg==",
      "dev": true
    },
    "@types/semver": {
      "version": "7.3.6",
      "resolved": "https://registry.npmjs.org/@types/semver/-/semver-7.3.6.tgz",
      "integrity": "sha512-0caWDWmpCp0uifxFh+FaqK3CuZ2SkRR/ZRxAV5+zNdC3QVUi6wyOJnefhPvtNt8NQWXB5OA93BUvZsXpWat2Xw==",
      "dev": true
    },
    "before-after-hook": {
      "version": "2.2.2",
      "resolved": "https://registry.npmjs.org/before-after-hook/-/before-after-hook-2.2.2.tgz",
      "integrity": "sha512-3pZEU3NT5BFUo/AD5ERPWOgQOCZITni6iavr5AUw5AUwQjMlI0kzu5btnyD39AF0gUEsDPwJT+oY1ORBJijPjQ=="
    },
    "call-bind": {
      "version": "1.0.2",
      "resolved": "https://registry.npmjs.org/call-bind/-/call-bind-1.0.2.tgz",
      "integrity": "sha512-7O+FbCihrB5WGbFYesctwmTKae6rOiIzmz1icreWJ+0aA7LJfuqhEso2T9ncpcFtzMQtzXf2QGGueWJGTYsqrA==",
      "requires": {
        "function-bind": "^1.1.1",
        "get-intrinsic": "^1.0.2"
      }
    },
    "deprecation": {
      "version": "2.3.1",
      "resolved": "https://registry.npmjs.org/deprecation/-/deprecation-2.3.1.tgz",
      "integrity": "sha512-xmHIy4F3scKVwMsQ4WnVaS8bHOx0DmVwRywosKhaILI0ywMDWPtBSku2HNxRvF7jtwDRsoEwYQSfbxj8b7RlJQ=="
    },
    "function-bind": {
      "version": "1.1.1",
      "resolved": "https://registry.npmjs.org/function-bind/-/function-bind-1.1.1.tgz",
      "integrity": "sha512-yIovAzMX49sF8Yl58fSCWJ5svSLuaibPxXQJFLmBObTuCr0Mf1KiPopGM9NiFjiYBCbfaa2Fh6breQ6ANVTI0A=="
    },
    "get-intrinsic": {
      "version": "1.1.1",
      "resolved": "https://registry.npmjs.org/get-intrinsic/-/get-intrinsic-1.1.1.tgz",
      "integrity": "sha512-kWZrnVM42QCiEA2Ig1bG8zjoIMOgxWwYCEeNdwY6Tv/cOSeGpcoX4pXHfKUxNKVoArnrEr2e9srnAxxGIraS9Q==",
      "requires": {
        "function-bind": "^1.1.1",
        "has": "^1.0.3",
        "has-symbols": "^1.0.1"
      }
    },
    "has": {
      "version": "1.0.3",
      "resolved": "https://registry.npmjs.org/has/-/has-1.0.3.tgz",
      "integrity": "sha512-f2dvO0VU6Oej7RkWJGrehjbzMAjFp5/VKPp5tTpWIV4JHHZK1/BxbFRtf/siA2SWTe09caDmVtYYzWEIbBS4zw==",
      "requires": {
        "function-bind": "^1.1.1"
      }
    },
    "has-symbols": {
      "version": "1.0.2",
      "resolved": "https://registry.npmjs.org/has-symbols/-/has-symbols-1.0.2.tgz",
      "integrity": "sha512-chXa79rL/UC2KlX17jo3vRGz0azaWEx5tGqZg5pO3NUyEJVB17dMruQlzCCOfUvElghKcm5194+BCRvi2Rv/Gw=="
    },
    "husky": {
      "version": "6.0.0",
      "resolved": "https://registry.npmjs.org/husky/-/husky-6.0.0.tgz",
      "integrity": "sha512-SQS2gDTB7tBN486QSoKPKQItZw97BMOd+Kdb6ghfpBc0yXyzrddI0oDV5MkDAbuB4X2mO3/nj60TRMcYxwzZeQ==",
      "dev": true
    },
    "is-plain-object": {
      "version": "5.0.0",
      "resolved": "https://registry.npmjs.org/is-plain-object/-/is-plain-object-5.0.0.tgz",
      "integrity": "sha512-VRSzKkbMm5jMDoKLbltAkFQ5Qr7VDiTFGXxYFXXowVj387GeGNOCsOH6Msy00SGZ3Fp84b1Naa1psqgcCIEP5Q=="
    },
    "node-fetch": {
      "version": "2.6.1",
      "resolved": "https://registry.npmjs.org/node-fetch/-/node-fetch-2.6.1.tgz",
      "integrity": "sha512-V4aYg89jEoVRxRb2fJdAg8FHvI7cEyYdVAh94HH0UIK8oJxUfkjlDQN9RbMx+bEjP7+ggMiFRprSti032Oipxw=="
    },
    "object-inspect": {
      "version": "1.10.3",
      "resolved": "https://registry.npmjs.org/object-inspect/-/object-inspect-1.10.3.tgz",
      "integrity": "sha512-e5mCJlSH7poANfC8z8S9s9S2IN5/4Zb3aZ33f5s8YqoazCFzNLloLU8r5VCG+G7WoqLvAAZoVMcy3tp/3X0Plw=="
    },
    "once": {
      "version": "1.4.0",
      "resolved": "https://registry.npmjs.org/once/-/once-1.4.0.tgz",
      "integrity": "sha1-WDsap3WWHUsROsF9nFC6753Xa9E=",
      "requires": {
        "wrappy": "1"
      }
    },
    "prettier": {
      "version": "2.3.1",
      "resolved": "https://registry.npmjs.org/prettier/-/prettier-2.3.1.tgz",
      "integrity": "sha512-p+vNbgpLjif/+D+DwAZAbndtRrR0md0MwfmOVN9N+2RgyACMT+7tfaRnT+WDPkqnuVwleyuBIG2XBxKDme3hPA==",
      "dev": true
    },
    "qs": {
      "version": "6.10.1",
      "resolved": "https://registry.npmjs.org/qs/-/qs-6.10.1.tgz",
      "integrity": "sha512-M528Hph6wsSVOBiYUnGf+K/7w0hNshs/duGsNXPUCLH5XAqjEtiPGwNONLV0tBH8NoGb0mvD5JubnUTrujKDTg==",
      "requires": {
        "side-channel": "^1.0.4"
      }
    },
    "semver": {
      "version": "6.3.0",
      "resolved": "https://registry.npmjs.org/semver/-/semver-6.3.0.tgz",
      "integrity": "sha512-b39TBaTSfV6yBrapU89p5fKekE2m/NwnDocOVruQFS1/veMgdzuPcnOM34M6CwxW8jH/lxEa5rBoDeUwu5HHTw=="
    },
    "side-channel": {
      "version": "1.0.4",
      "resolved": "https://registry.npmjs.org/side-channel/-/side-channel-1.0.4.tgz",
      "integrity": "sha512-q5XPytqFEIKHkGdiMIrY10mvLRvnQh42/+GoBlFW3b2LXLE2xxJpZFdm94we0BaoV3RwJyGqg5wS7epxTv0Zvw==",
      "requires": {
        "call-bind": "^1.0.0",
        "get-intrinsic": "^1.0.2",
        "object-inspect": "^1.9.0"
      }
    },
    "tunnel": {
      "version": "0.0.6",
      "resolved": "https://registry.npmjs.org/tunnel/-/tunnel-0.0.6.tgz",
      "integrity": "sha512-1h/Lnq9yajKY2PEbBadPXj3VxsDDu844OnaAo52UVmIzIvwwtBPIuNvkjuzBlTWpfJyUbG3ez0KSBibQkj4ojg=="
    },
    "typed-rest-client": {
      "version": "1.8.4",
      "resolved": "https://registry.npmjs.org/typed-rest-client/-/typed-rest-client-1.8.4.tgz",
      "integrity": "sha512-MyfKKYzk3I6/QQp6e1T50py4qg+c+9BzOEl2rBmQIpStwNUoqQ73An+Tkfy9YuV7O+o2mpVVJpe+fH//POZkbg==",
      "requires": {
        "qs": "^6.9.1",
        "tunnel": "0.0.6",
        "underscore": "^1.12.1"
      }
    },
    "typescript": {
      "version": "4.3.2",
      "resolved": "https://registry.npmjs.org/typescript/-/typescript-4.3.2.tgz",
      "integrity": "sha512-zZ4hShnmnoVnAHpVHWpTcxdv7dWP60S2FsydQLV8V5PbS3FifjWFFRiHSWpDJahly88PRyV5teTSLoq4eG7mKw==",
      "dev": true
    },
    "uglify-js": {
      "version": "3.13.9",
      "resolved": "https://registry.npmjs.org/uglify-js/-/uglify-js-3.13.9.tgz",
      "integrity": "sha512-wZbyTQ1w6Y7fHdt8sJnHfSIuWeDgk6B5rCb4E/AM6QNNPbOMIZph21PW5dRB3h7Df0GszN+t7RuUH6sWK5bF0g=="
    },
    "underscore": {
      "version": "1.13.1",
      "resolved": "https://registry.npmjs.org/underscore/-/underscore-1.13.1.tgz",
      "integrity": "sha512-hzSoAVtJF+3ZtiFX0VgfFPHEDRm7Y/QPjGyNo4TVdnDTdft3tr8hEkD25a1jC+TjTuE7tkHGKkhwCgs9dgBB2g=="
    },
    "universal-user-agent": {
      "version": "6.0.0",
      "resolved": "https://registry.npmjs.org/universal-user-agent/-/universal-user-agent-6.0.0.tgz",
      "integrity": "sha512-isyNax3wXoKaulPDZWHQqbmIx1k2tb9fb3GGDBRxCscfYV2Ch7WxPArBsFEG8s/safwXTT7H4QGhaIkTp9447w=="
    },
    "uuid": {
      "version": "3.4.0",
      "resolved": "https://registry.npmjs.org/uuid/-/uuid-3.4.0.tgz",
      "integrity": "sha512-HjSDRw6gZE5JMggctHBcjVak08+KEVhSIiDzFnT9S9aegmp85S/bReBVTb4QTFaRNptJ9kuYaNhnbNEOkbKb/A=="
    },
    "wrappy": {
      "version": "1.0.2",
      "resolved": "https://registry.npmjs.org/wrappy/-/wrappy-1.0.2.tgz",
      "integrity": "sha1-tSQ9jz7BqjXxNkYFvA0QNuMKtp8="
    }
  }
}
